// !$*UTF8*$!
{
	archiveVersion = 1;
	classes = {
	};
	objectVersion = 56;
	objects = {

/* Begin PBXBuildFile section */
		06C03F4ED85A29727C7328AD /* Pods_Doconlinewebviewtest.framework in Frameworks */ = {isa = PBXBuildFile; fileRef = 745F2DF6D0367CA9EEBA70CC /* Pods_Doconlinewebviewtest.framework */; };
		238276252A84D27D00C2A20E /* AppDelegate.swift in Sources */ = {isa = PBXBuildFile; fileRef = 238276242A84D27D00C2A20E /* AppDelegate.swift */; };
		238276272A84D27D00C2A20E /* SceneDelegate.swift in Sources */ = {isa = PBXBuildFile; fileRef = 238276262A84D27D00C2A20E /* SceneDelegate.swift */; };
		238276292A84D27D00C2A20E /* ViewController.swift in Sources */ = {isa = PBXBuildFile; fileRef = 238276282A84D27D00C2A20E /* ViewController.swift */; };
		2382762C2A84D27D00C2A20E /* Main.storyboard in Resources */ = {isa = PBXBuildFile; fileRef = 2382762A2A84D27D00C2A20E /* Main.storyboard */; };
		2382762E2A84D27E00C2A20E /* Assets.xcassets in Resources */ = {isa = PBXBuildFile; fileRef = 2382762D2A84D27E00C2A20E /* Assets.xcassets */; };
		238276312A84D27E00C2A20E /* LaunchScreen.storyboard in Resources */ = {isa = PBXBuildFile; fileRef = 2382762F2A84D27E00C2A20E /* LaunchScreen.storyboard */; };
/* End PBXBuildFile section */

/* Begin PBXFileReference section */
		238276212A84D27D00C2A20E /* Doconlinewebviewtest.app */ = {isa = PBXFileReference; explicitFileType = wrapper.application; includeInIndex = 0; path = Doconlinewebviewtest.app; sourceTree = BUILT_PRODUCTS_DIR; };
		238276242A84D27D00C2A20E /* AppDelegate.swift */ = {isa = PBXFileReference; lastKnownFileType = sourcecode.swift; path = AppDelegate.swift; sourceTree = "<group>"; };
		238276262A84D27D00C2A20E /* SceneDelegate.swift */ = {isa = PBXFileReference; lastKnownFileType = sourcecode.swift; path = SceneDelegate.swift; sourceTree = "<group>"; };
		238276282A84D27D00C2A20E /* ViewController.swift */ = {isa = PBXFileReference; lastKnownFileType = sourcecode.swift; path = ViewController.swift; sourceTree = "<group>"; };
		2382762B2A84D27D00C2A20E /* Base */ = {isa = PBXFileReference; lastKnownFileType = file.storyboard; name = Base; path = Base.lproj/Main.storyboard; sourceTree = "<group>"; };
		2382762D2A84D27E00C2A20E /* Assets.xcassets */ = {isa = PBXFileReference; lastKnownFileType = folder.assetcatalog; path = Assets.xcassets; sourceTree = "<group>"; };
		238276302A84D27E00C2A20E /* Base */ = {isa = PBXFileReference; lastKnownFileType = file.storyboard; name = Base; path = Base.lproj/LaunchScreen.storyboard; sourceTree = "<group>"; };
		238276322A84D27E00C2A20E /* Info.plist */ = {isa = PBXFileReference; lastKnownFileType = text.plist.xml; path = Info.plist; sourceTree = "<group>"; };
		745F2DF6D0367CA9EEBA70CC /* Pods_Doconlinewebviewtest.framework */ = {isa = PBXFileReference; explicitFileType = wrapper.framework; includeInIndex = 0; path = Pods_Doconlinewebviewtest.framework; sourceTree = BUILT_PRODUCTS_DIR; };
		B19A422CC4D1394F9DFBB2AB /* Pods-Doconlinewebviewtest.debug.xcconfig */ = {isa = PBXFileReference; includeInIndex = 1; lastKnownFileType = text.xcconfig; name = "Pods-Doconlinewebviewtest.debug.xcconfig"; path = "Target Support Files/Pods-Doconlinewebviewtest/Pods-Doconlinewebviewtest.debug.xcconfig"; sourceTree = "<group>"; };
		C741FB0171314F0B2988CC1A /* Pods-Doconlinewebviewtest.release.xcconfig */ = {isa = PBXFileReference; includeInIndex = 1; lastKnownFileType = text.xcconfig; name = "Pods-Doconlinewebviewtest.release.xcconfig"; path = "Target Support Files/Pods-Doconlinewebviewtest/Pods-Doconlinewebviewtest.release.xcconfig"; sourceTree = "<group>"; };
/* End PBXFileReference section */

/* Begin PBXFrameworksBuildPhase section */
		2382761E2A84D27D00C2A20E /* Frameworks */ = {
			isa = PBXFrameworksBuildPhase;
			buildActionMask = 2147483647;
			files = (
				06C03F4ED85A29727C7328AD /* Pods_Doconlinewebviewtest.framework in Frameworks */,
			);
			runOnlyForDeploymentPostprocessing = 0;
		};
/* End PBXFrameworksBuildPhase section */

/* Begin PBXGroup section */
		238276182A84D27D00C2A20E = {
			isa = PBXGroup;
			children = (
				238276232A84D27D00C2A20E /* Doconlinewebviewtest */,
				238276222A84D27D00C2A20E /* Products */,
				7E3C8AAB0CABBF513292ED2E /* Pods */,
				B32EB3460B16E4C199BD0EED /* Frameworks */,
			);
			sourceTree = "<group>";
		};
		238276222A84D27D00C2A20E /* Products */ = {
			isa = PBXGroup;
			children = (
				238276212A84D27D00C2A20E /* Doconlinewebviewtest.app */,
			);
			name = Products;
			sourceTree = "<group>";
		};
		238276232A84D27D00C2A20E /* Doconlinewebviewtest */ = {
			isa = PBXGroup;
			children = (
				238276242A84D27D00C2A20E /* AppDelegate.swift */,
				238276262A84D27D00C2A20E /* SceneDelegate.swift */,
				238276282A84D27D00C2A20E /* ViewController.swift */,
				2382762A2A84D27D00C2A20E /* Main.storyboard */,
				2382762D2A84D27E00C2A20E /* Assets.xcassets */,
				2382762F2A84D27E00C2A20E /* LaunchScreen.storyboard */,
				238276322A84D27E00C2A20E /* Info.plist */,
			);
			path = Doconlinewebviewtest;
			sourceTree = "<group>";
		};
		7E3C8AAB0CABBF513292ED2E /* Pods */ = {
			isa = PBXGroup;
			children = (
				B19A422CC4D1394F9DFBB2AB /* Pods-Doconlinewebviewtest.debug.xcconfig */,
				C741FB0171314F0B2988CC1A /* Pods-Doconlinewebviewtest.release.xcconfig */,
			);
			path = Pods;
			sourceTree = "<group>";
		};
		B32EB3460B16E4C199BD0EED /* Frameworks */ = {
			isa = PBXGroup;
			children = (
				745F2DF6D0367CA9EEBA70CC /* Pods_Doconlinewebviewtest.framework */,
			);
			name = Frameworks;
			sourceTree = "<group>";
		};
/* End PBXGroup section */

/* Begin PBXNativeTarget section */
		238276202A84D27D00C2A20E /* Doconlinewebviewtest */ = {
			isa = PBXNativeTarget;
			buildConfigurationList = 238276352A84D27E00C2A20E /* Build configuration list for PBXNativeTarget "Doconlinewebviewtest" */;
			buildPhases = (
				06E7913BDDAA967181185594 /* [CP] Check Pods Manifest.lock */,
				2382761D2A84D27D00C2A20E /* Sources */,
				2382761E2A84D27D00C2A20E /* Frameworks */,
				2382761F2A84D27D00C2A20E /* Resources */,
			);
			buildRules = (
			);
			dependencies = (
			);
			name = Doconlinewebviewtest;
			productName = Doconlinewebviewtest;
			productReference = 238276212A84D27D00C2A20E /* Doconlinewebviewtest.app */;
			productType = "com.apple.product-type.application";
		};
/* End PBXNativeTarget section */

/* Begin PBXProject section */
		238276192A84D27D00C2A20E /* Project object */ = {
			isa = PBXProject;
			attributes = {
				BuildIndependentTargetsInParallel = 1;
				LastSwiftUpdateCheck = 1430;
				LastUpgradeCheck = 1430;
				TargetAttributes = {
					238276202A84D27D00C2A20E = {
						CreatedOnToolsVersion = 14.3.1;
					};
				};
			};
			buildConfigurationList = 2382761C2A84D27D00C2A20E /* Build configuration list for PBXProject "Doconlinewebviewtest" */;
			compatibilityVersion = "Xcode 14.0";
			developmentRegion = en;
			hasScannedForEncodings = 0;
			knownRegions = (
				en,
				Base,
			);
			mainGroup = 238276182A84D27D00C2A20E;
			productRefGroup = 238276222A84D27D00C2A20E /* Products */;
			projectDirPath = "";
			projectRoot = "";
			targets = (
				238276202A84D27D00C2A20E /* Doconlinewebviewtest */,
			);
		};
/* End PBXProject section */

/* Begin PBXResourcesBuildPhase section */
		2382761F2A84D27D00C2A20E /* Resources */ = {
			isa = PBXResourcesBuildPhase;
			buildActionMask = 2147483647;
			files = (
				238276312A84D27E00C2A20E /* LaunchScreen.storyboard in Resources */,
				2382762E2A84D27E00C2A20E /* Assets.xcassets in Resources */,
				2382762C2A84D27D00C2A20E /* Main.storyboard in Resources */,
			);
			runOnlyForDeploymentPostprocessing = 0;
		};
/* End PBXResourcesBuildPhase section */

/* Begin PBXShellScriptBuildPhase section */
		06E7913BDDAA967181185594 /* [CP] Check Pods Manifest.lock */ = {
			isa = PBXShellScriptBuildPhase;
			buildActionMask = 2147483647;
			files = (
			);
			inputFileListPaths = (
			);
			inputPaths = (
				"${PODS_PODFILE_DIR_PATH}/Podfile.lock",
				"${PODS_ROOT}/Manifest.lock",
			);
			name = "[CP] Check Pods Manifest.lock";
			outputFileListPaths = (
			);
			outputPaths = (
				"$(DERIVED_FILE_DIR)/Pods-Doconlinewebviewtest-checkManifestLockResult.txt",
			);
			runOnlyForDeploymentPostprocessing = 0;
			shellPath = /bin/sh;
			shellScript = "diff \"${PODS_PODFILE_DIR_PATH}/Podfile.lock\" \"${PODS_ROOT}/Manifest.lock\" > /dev/null\nif [ $? != 0 ] ; then\n    # print error to STDERR\n    echo \"error: The sandbox is not in sync with the Podfile.lock. Run 'pod install' or update your CocoaPods installation.\" >&2\n    exit 1\nfi\n# This output is used by Xcode 'outputs' to avoid re-running this script phase.\necho \"SUCCESS\" > \"${SCRIPT_OUTPUT_FILE_0}\"\n";
			showEnvVarsInLog = 0;
		};
/* End PBXShellScriptBuildPhase section */

/* Begin PBXSourcesBuildPhase section */
		2382761D2A84D27D00C2A20E /* Sources */ = {
			isa = PBXSourcesBuildPhase;
			buildActionMask = 2147483647;
			files = (
				238276292A84D27D00C2A20E /* ViewController.swift in Sources */,
				238276252A84D27D00C2A20E /* AppDelegate.swift in Sources */,
				238276272A84D27D00C2A20E /* SceneDelegate.swift in Sources */,
			);
			runOnlyForDeploymentPostprocessing = 0;
		};
/* End PBXSourcesBuildPhase section */

/* Begin PBXVariantGroup section */
		2382762A2A84D27D00C2A20E /* Main.storyboard */ = {
			isa = PBXVariantGroup;
			children = (
				2382762B2A84D27D00C2A20E /* Base */,
			);
			name = Main.storyboard;
			sourceTree = "<group>";
		};
		2382762F2A84D27E00C2A20E /* LaunchScreen.storyboard */ = {
			isa = PBXVariantGroup;
			children = (
				238276302A84D27E00C2A20E /* Base */,
			);
			name = LaunchScreen.storyboard;
			sourceTree = "<group>";
		};
/* End PBXVariantGroup section */

/* Begin XCBuildConfiguration section */
		238276332A84D27E00C2A20E /* Debug */ = {
			isa = XCBuildConfiguration;
			buildSettings = {
				ALWAYS_SEARCH_USER_PATHS = NO;
				CLANG_ANALYZER_NONNULL = YES;
				CLANG_ANALYZER_NUMBER_OBJECT_CONVERSION = YES_AGGRESSIVE;
				CLANG_CXX_LANGUAGE_STANDARD = "gnu++20";
				CLANG_ENABLE_MODULES = YES;
				CLANG_ENABLE_OBJC_ARC = YES;
				CLANG_ENABLE_OBJC_WEAK = YES;
				CLANG_WARN_BLOCK_CAPTURE_AUTORELEASING = YES;
				CLANG_WARN_BOOL_CONVERSION = YES;
				CLANG_WARN_COMMA = YES;
				CLANG_WARN_CONSTANT_CONVERSION = YES;
				CLANG_WARN_DEPRECATED_OBJC_IMPLEMENTATIONS = YES;
				CLANG_WARN_DIRECT_OBJC_ISA_USAGE = YES_ERROR;
				CLANG_WARN_DOCUMENTATION_COMMENTS = YES;
				CLANG_WARN_EMPTY_BODY = YES;
				CLANG_WARN_ENUM_CONVERSION = YES;
				CLANG_WARN_INFINITE_RECURSION = YES;
				CLANG_WARN_INT_CONVERSION = YES;
				CLANG_WARN_NON_LITERAL_NULL_CONVERSION = YES;
				CLANG_WARN_OBJC_IMPLICIT_RETAIN_SELF = YES;
				CLANG_WARN_OBJC_LITERAL_CONVERSION = YES;
				CLANG_WARN_OBJC_ROOT_CLASS = YES_ERROR;
				CLANG_WARN_QUOTED_INCLUDE_IN_FRAMEWORK_HEADER = YES;
				CLANG_WARN_RANGE_LOOP_ANALYSIS = YES;
				CLANG_WARN_STRICT_PROTOTYPES = YES;
				CLANG_WARN_SUSPICIOUS_MOVE = YES;
				CLANG_WARN_UNGUARDED_AVAILABILITY = YES_AGGRESSIVE;
				CLANG_WARN_UNREACHABLE_CODE = YES;
				CLANG_WARN__DUPLICATE_METHOD_MATCH = YES;
				COPY_PHASE_STRIP = NO;
				DEBUG_INFORMATION_FORMAT = dwarf;
				ENABLE_STRICT_OBJC_MSGSEND = YES;
				ENABLE_TESTABILITY = YES;
				GCC_C_LANGUAGE_STANDARD = gnu11;
				GCC_DYNAMIC_NO_PIC = NO;
				GCC_NO_COMMON_BLOCKS = YES;
				GCC_OPTIMIZATION_LEVEL = 0;
				GCC_PREPROCESSOR_DEFINITIONS = (
					"DEBUG=1",
					"$(inherited)",
				);
				GCC_WARN_64_TO_32_BIT_CONVERSION = YES;
				GCC_WARN_ABOUT_RETURN_TYPE = YES_ERROR;
				GCC_WARN_UNDECLARED_SELECTOR = YES;
				GCC_WARN_UNINITIALIZED_AUTOS = YES_AGGRESSIVE;
				GCC_WARN_UNUSED_FUNCTION = YES;
				GCC_WARN_UNUSED_VARIABLE = YES;
				IPHONEOS_DEPLOYMENT_TARGET = 16.4;
				MTL_ENABLE_DEBUG_INFO = INCLUDE_SOURCE;
				MTL_FAST_MATH = YES;
				ONLY_ACTIVE_ARCH = YES;
				SDKROOT = iphoneos;
				SWIFT_ACTIVE_COMPILATION_CONDITIONS = DEBUG;
				SWIFT_OPTIMIZATION_LEVEL = "-Onone";
			};
			name = Debug;
		};
		238276342A84D27E00C2A20E /* Release */ = {
			isa = XCBuildConfiguration;
			buildSettings = {
				ALWAYS_SEARCH_USER_PATHS = NO;
				CLANG_ANALYZER_NONNULL = YES;
				CLANG_ANALYZER_NUMBER_OBJECT_CONVERSION = YES_AGGRESSIVE;
				CLANG_CXX_LANGUAGE_STANDARD = "gnu++20";
				CLANG_ENABLE_MODULES = YES;
				CLANG_ENABLE_OBJC_ARC = YES;
				CLANG_ENABLE_OBJC_WEAK = YES;
				CLANG_WARN_BLOCK_CAPTURE_AUTORELEASING = YES;
				CLANG_WARN_BOOL_CONVERSION = YES;
				CLANG_WARN_COMMA = YES;
				CLANG_WARN_CONSTANT_CONVERSION = YES;
				CLANG_WARN_DEPRECATED_OBJC_IMPLEMENTATIONS = YES;
				CLANG_WARN_DIRECT_OBJC_ISA_USAGE = YES_ERROR;
				CLANG_WARN_DOCUMENTATION_COMMENTS = YES;
				CLANG_WARN_EMPTY_BODY = YES;
				CLANG_WARN_ENUM_CONVERSION = YES;
				CLANG_WARN_INFINITE_RECURSION = YES;
				CLANG_WARN_INT_CONVERSION = YES;
				CLANG_WARN_NON_LITERAL_NULL_CONVERSION = YES;
				CLANG_WARN_OBJC_IMPLICIT_RETAIN_SELF = YES;
				CLANG_WARN_OBJC_LITERAL_CONVERSION = YES;
				CLANG_WARN_OBJC_ROOT_CLASS = YES_ERROR;
				CLANG_WARN_QUOTED_INCLUDE_IN_FRAMEWORK_HEADER = YES;
				CLANG_WARN_RANGE_LOOP_ANALYSIS = YES;
				CLANG_WARN_STRICT_PROTOTYPES = YES;
				CLANG_WARN_SUSPICIOUS_MOVE = YES;
				CLANG_WARN_UNGUARDED_AVAILABILITY = YES_AGGRESSIVE;
				CLANG_WARN_UNREACHABLE_CODE = YES;
				CLANG_WARN__DUPLICATE_METHOD_MATCH = YES;
				COPY_PHASE_STRIP = NO;
				DEBUG_INFORMATION_FORMAT = "dwarf-with-dsym";
				ENABLE_NS_ASSERTIONS = NO;
				ENABLE_STRICT_OBJC_MSGSEND = YES;
				GCC_C_LANGUAGE_STANDARD = gnu11;
				GCC_NO_COMMON_BLOCKS = YES;
				GCC_WARN_64_TO_32_BIT_CONVERSION = YES;
				GCC_WARN_ABOUT_RETURN_TYPE = YES_ERROR;
				GCC_WARN_UNDECLARED_SELECTOR = YES;
				GCC_WARN_UNINITIALIZED_AUTOS = YES_AGGRESSIVE;
				GCC_WARN_UNUSED_FUNCTION = YES;
				GCC_WARN_UNUSED_VARIABLE = YES;
				IPHONEOS_DEPLOYMENT_TARGET = 16.4;
				MTL_ENABLE_DEBUG_INFO = NO;
				MTL_FAST_MATH = YES;
				SDKROOT = iphoneos;
				SWIFT_COMPILATION_MODE = wholemodule;
				SWIFT_OPTIMIZATION_LEVEL = "-O";
				VALIDATE_PRODUCT = YES;
			};
			name = Release;
		};
		238276362A84D27E00C2A20E /* Debug */ = {
			isa = XCBuildConfiguration;
			baseConfigurationReference = B19A422CC4D1394F9DFBB2AB /* Pods-Doconlinewebviewtest.debug.xcconfig */;
			buildSettings = {
				ASSETCATALOG_COMPILER_APPICON_NAME = AppIcon;
				ASSETCATALOG_COMPILER_GLOBAL_ACCENT_COLOR_NAME = AccentColor;
				CODE_SIGN_STYLE = Automatic;
				CURRENT_PROJECT_VERSION = 1;
				DEVELOPMENT_TEAM = 3P2MF9UN23;
				GENERATE_INFOPLIST_FILE = YES;
				INFOPLIST_FILE = Doconlinewebviewtest/Info.plist;
				INFOPLIST_KEY_NSCameraUsageDescription = "If you want to use the camera, you have to give permission.";
				INFOPLIST_KEY_NSMicrophoneUsageDescription = "If you want to use the microphone, you have to give permission.";
				INFOPLIST_KEY_UIApplicationSupportsIndirectInputEvents = YES;
				INFOPLIST_KEY_UILaunchStoryboardName = LaunchScreen;
				INFOPLIST_KEY_UIMainStoryboardFile = Main;
				INFOPLIST_KEY_UISupportedInterfaceOrientations_iPad = "UIInterfaceOrientationPortrait UIInterfaceOrientationPortraitUpsideDown UIInterfaceOrientationLandscapeLeft UIInterfaceOrientationLandscapeRight";
				INFOPLIST_KEY_UISupportedInterfaceOrientations_iPhone = "UIInterfaceOrientationPortrait UIInterfaceOrientationLandscapeLeft UIInterfaceOrientationLandscapeRight";
				IPHONEOS_DEPLOYMENT_TARGET = 14.1;
				LD_RUNPATH_SEARCH_PATHS = (
					"$(inherited)",
					"@executable_path/Frameworks",
				);
				MARKETING_VERSION = 1.0;
				PRODUCT_BUNDLE_IDENTIFIER = com.iossdk.doconlinesdk;
				PRODUCT_NAME = "$(TARGET_NAME)";
				SWIFT_EMIT_LOC_STRINGS = YES;
				SWIFT_VERSION = 5.0;
				TARGETED_DEVICE_FAMILY = "1,2";
			};
			name = Debug;
		};
		238276372A84D27E00C2A20E /* Release */ = {
			isa = XCBuildConfiguration;
			baseConfigurationReference = C741FB0171314F0B2988CC1A /* Pods-Doconlinewebviewtest.release.xcconfig */;
			buildSettings = {
				ASSETCATALOG_COMPILER_APPICON_NAME = AppIcon;
				ASSETCATALOG_COMPILER_GLOBAL_ACCENT_COLOR_NAME = AccentColor;
				CODE_SIGN_STYLE = Automatic;
				CURRENT_PROJECT_VERSION = 1;
				DEVELOPMENT_TEAM = 3P2MF9UN23;
				GENERATE_INFOPLIST_FILE = YES;
				INFOPLIST_FILE = Doconlinewebviewtest/Info.plist;
				INFOPLIST_KEY_NSCameraUsageDescription = "If you want to use the camera, you have to give permission.";
				INFOPLIST_KEY_NSMicrophoneUsageDescription = "If you want to use the microphone, you have to give permission.";
				INFOPLIST_KEY_UIApplicationSupportsIndirectInputEvents = YES;
				INFOPLIST_KEY_UILaunchStoryboardName = LaunchScreen;
				INFOPLIST_KEY_UIMainStoryboardFile = Main;
				INFOPLIST_KEY_UISupportedInterfaceOrientations_iPad = "UIInterfaceOrientationPortrait UIInterfaceOrientationPortraitUpsideDown UIInterfaceOrientationLandscapeLeft UIInterfaceOrientationLandscapeRight";
				INFOPLIST_KEY_UISupportedInterfaceOrientations_iPhone = "UIInterfaceOrientationPortrait UIInterfaceOrientationLandscapeLeft UIInterfaceOrientationLandscapeRight";
				IPHONEOS_DEPLOYMENT_TARGET = 14.1;
				LD_RUNPATH_SEARCH_PATHS = (
					"$(inherited)",
					"@executable_path/Frameworks",
				);
				MARKETING_VERSION = 1.0;
				PRODUCT_BUNDLE_IDENTIFIER = com.iossdk.doconlinesdk;
				PRODUCT_NAME = "$(TARGET_NAME)";
				SWIFT_EMIT_LOC_STRINGS = YES;
				SWIFT_VERSION = 5.0;
				TARGETED_DEVICE_FAMILY = "1,2";
			};
			name = Release;
		};
/* End XCBuildConfiguration section */

/* Begin XCConfigurationList section */
		2382761C2A84D27D00C2A20E /* Build configuration list for PBXProject "Doconlinewebviewtest" */ = {
			isa = XCConfigurationList;
			buildConfigurations = (
				238276332A84D27E00C2A20E /* Debug */,
				238276342A84D27E00C2A20E /* Release */,
			);
			defaultConfigurationIsVisible = 0;
			defaultConfigurationName = Release;
		};
		238276352A84D27E00C2A20E /* Build configuration list for PBXNativeTarget "Doconlinewebviewtest" */ = {
			isa = XCConfigurationList;
			buildConfigurations = (
				238276362A84D27E00C2A20E /* Debug */,
				238276372A84D27E00C2A20E /* Release */,
			);
			defaultConfigurationIsVisible = 0;
			defaultConfigurationName = Release;
		};
/* End XCConfigurationList section */
	};
	rootObject = 238276192A84D27D00C2A20E /* Project object */;
}
